// !$*UTF8*$!
{
	archiveVersion = 1;
	classes = {
	};
	objectVersion = 77;
	objects = {

/* Begin PBXBuildFile section */
		7D89BC079C2F85B979B4EFF2 /* Pods_SampleTube.framework in Frameworks */ = {isa = PBXBuildFile; fileRef = 0BFA8BD995BEF7BCB2BB0F7C /* Pods_SampleTube.framework */; };
		988651F3C8D7C310A5E9687E /* Pods_SampleTubeTests.framework in Frameworks */ = {isa = PBXBuildFile; fileRef = EB91A84C0705CA9D7D0D0509 /* Pods_SampleTubeTests.framework */; };
		9D160C433F03AD156075B219 /* Pods_SampleTubeUITests.framework in Frameworks */ = {isa = PBXBuildFile; fileRef = E774E497F2488A26EDD940FE /* Pods_SampleTubeUITests.framework */; };
/* End PBXBuildFile section */

/* Begin PBXContainerItemProxy section */
		A238D4E42EA7AB3C0008F8D9 /* PBXContainerItemProxy */ = {
			isa = PBXContainerItemProxy;
			containerPortal = A238D4C52EA7AB3A0008F8D9 /* Project object */;
			proxyType = 1;
			remoteGlobalIDString = A238D4CC2EA7AB3A0008F8D9;
			remoteInfo = SampleTube;
		};
		A238D4EE2EA7AB3C0008F8D9 /* PBXContainerItemProxy */ = {
			isa = PBXContainerItemProxy;
			containerPortal = A238D4C52EA7AB3A0008F8D9 /* Project object */;
			proxyType = 1;
			remoteGlobalIDString = A238D4CC2EA7AB3A0008F8D9;
			remoteInfo = SampleTube;
		};
/* End PBXContainerItemProxy section */

/* Begin PBXFileReference section */
		07493EAFC1D6C0F9CF421343 /* Pods-SampleTubeUITests.release.xcconfig */ = {isa = PBXFileReference; includeInIndex = 1; lastKnownFileType = text.xcconfig; name = "Pods-SampleTubeUITests.release.xcconfig"; path = "Target Support Files/Pods-SampleTubeUITests/Pods-SampleTubeUITests.release.xcconfig"; sourceTree = "<group>"; };
		0BFA8BD995BEF7BCB2BB0F7C /* Pods_SampleTube.framework */ = {isa = PBXFileReference; explicitFileType = wrapper.framework; includeInIndex = 0; path = Pods_SampleTube.framework; sourceTree = BUILT_PRODUCTS_DIR; };
		4657BA89E5C7A5F79E11100B /* Pods-SampleTube.debug.xcconfig */ = {isa = PBXFileReference; includeInIndex = 1; lastKnownFileType = text.xcconfig; name = "Pods-SampleTube.debug.xcconfig"; path = "Target Support Files/Pods-SampleTube/Pods-SampleTube.debug.xcconfig"; sourceTree = "<group>"; };
		82B19E99038D39BB99609972 /* Pods-SampleTubeTests.debug.xcconfig */ = {isa = PBXFileReference; includeInIndex = 1; lastKnownFileType = text.xcconfig; name = "Pods-SampleTubeTests.debug.xcconfig"; path = "Target Support Files/Pods-SampleTubeTests/Pods-SampleTubeTests.debug.xcconfig"; sourceTree = "<group>"; };
		A238D4CD2EA7AB3A0008F8D9 /* SampleTube.app */ = {isa = PBXFileReference; explicitFileType = wrapper.application; includeInIndex = 0; path = SampleTube.app; sourceTree = BUILT_PRODUCTS_DIR; };
		A238D4E32EA7AB3C0008F8D9 /* SampleTubeTests.xctest */ = {isa = PBXFileReference; explicitFileType = wrapper.cfbundle; includeInIndex = 0; path = SampleTubeTests.xctest; sourceTree = BUILT_PRODUCTS_DIR; };
		A238D4ED2EA7AB3C0008F8D9 /* SampleTubeUITests.xctest */ = {isa = PBXFileReference; explicitFileType = wrapper.cfbundle; includeInIndex = 0; path = SampleTubeUITests.xctest; sourceTree = BUILT_PRODUCTS_DIR; };
		B350C55C6D19C28459AEC7D5 /* Pods-SampleTubeUITests.debug.xcconfig */ = {isa = PBXFileReference; includeInIndex = 1; lastKnownFileType = text.xcconfig; name = "Pods-SampleTubeUITests.debug.xcconfig"; path = "Target Support Files/Pods-SampleTubeUITests/Pods-SampleTubeUITests.debug.xcconfig"; sourceTree = "<group>"; };
		BCBAD046C303A3B334C56E1C /* Pods-SampleTube.release.xcconfig */ = {isa = PBXFileReference; includeInIndex = 1; lastKnownFileType = text.xcconfig; name = "Pods-SampleTube.release.xcconfig"; path = "Target Support Files/Pods-SampleTube/Pods-SampleTube.release.xcconfig"; sourceTree = "<group>"; };
		D7AC3644F8DDB563B6F23F2E /* Pods-SampleTubeTests.release.xcconfig */ = {isa = PBXFileReference; includeInIndex = 1; lastKnownFileType = text.xcconfig; name = "Pods-SampleTubeTests.release.xcconfig"; path = "Target Support Files/Pods-SampleTubeTests/Pods-SampleTubeTests.release.xcconfig"; sourceTree = "<group>"; };
		E774E497F2488A26EDD940FE /* Pods_SampleTubeUITests.framework */ = {isa = PBXFileReference; explicitFileType = wrapper.framework; includeInIndex = 0; path = Pods_SampleTubeUITests.framework; sourceTree = BUILT_PRODUCTS_DIR; };
		EB91A84C0705CA9D7D0D0509 /* Pods_SampleTubeTests.framework */ = {isa = PBXFileReference; explicitFileType = wrapper.framework; includeInIndex = 0; path = Pods_SampleTubeTests.framework; sourceTree = BUILT_PRODUCTS_DIR; };
/* End PBXFileReference section */

/* Begin PBXFileSystemSynchronizedBuildFileExceptionSet section */
		A238D4F52EA7AB3C0008F8D9 /* Exceptions for "SampleTube" folder in "SampleTube" target */ = {
			isa = PBXFileSystemSynchronizedBuildFileExceptionSet;
			membershipExceptions = (
				Info.plist,
			);
			target = A238D4CC2EA7AB3A0008F8D9 /* SampleTube */;
		};
/* End PBXFileSystemSynchronizedBuildFileExceptionSet section */

/* Begin PBXFileSystemSynchronizedRootGroup section */
		A238D4CF2EA7AB3A0008F8D9 /* SampleTube */ = {
			isa = PBXFileSystemSynchronizedRootGroup;
			exceptions = (
				A238D4F52EA7AB3C0008F8D9 /* Exceptions for "SampleTube" folder in "SampleTube" target */,
			);
			path = SampleTube;
			sourceTree = "<group>";
		};
		A238D4E62EA7AB3C0008F8D9 /* SampleTubeTests */ = {
			isa = PBXFileSystemSynchronizedRootGroup;
			path = SampleTubeTests;
			sourceTree = "<group>";
		};
		A238D4F02EA7AB3C0008F8D9 /* SampleTubeUITests */ = {
			isa = PBXFileSystemSynchronizedRootGroup;
			path = SampleTubeUITests;
			sourceTree = "<group>";
		};
/* End PBXFileSystemSynchronizedRootGroup section */

/* Begin PBXFrameworksBuildPhase section */
		A238D4CA2EA7AB3A0008F8D9 /* Frameworks */ = {
			isa = PBXFrameworksBuildPhase;
			buildActionMask = 2147483647;
			files = (
				7D89BC079C2F85B979B4EFF2 /* Pods_SampleTube.framework in Frameworks */,
			);
			runOnlyForDeploymentPostprocessing = 0;
		};
		A238D4E02EA7AB3C0008F8D9 /* Frameworks */ = {
			isa = PBXFrameworksBuildPhase;
			buildActionMask = 2147483647;
			files = (
				988651F3C8D7C310A5E9687E /* Pods_SampleTubeTests.framework in Frameworks */,
			);
			runOnlyForDeploymentPostprocessing = 0;
		};
		A238D4EA2EA7AB3C0008F8D9 /* Frameworks */ = {
			isa = PBXFrameworksBuildPhase;
			buildActionMask = 2147483647;
			files = (
				9D160C433F03AD156075B219 /* Pods_SampleTubeUITests.framework in Frameworks */,
			);
			runOnlyForDeploymentPostprocessing = 0;
		};
/* End PBXFrameworksBuildPhase section */

/* Begin PBXGroup section */
		A238D4C42EA7AB3A0008F8D9 = {
			isa = PBXGroup;
			children = (
				A238D4CF2EA7AB3A0008F8D9 /* SampleTube */,
				A238D4E62EA7AB3C0008F8D9 /* SampleTubeTests */,
				A238D4F02EA7AB3C0008F8D9 /* SampleTubeUITests */,
				A238D4CE2EA7AB3A0008F8D9 /* Products */,
				B53B28C744A53F088AEEE051 /* Pods */,
				B0D2920151CDE70E23F93888 /* Frameworks */,
			);
			sourceTree = "<group>";
		};
		A238D4CE2EA7AB3A0008F8D9 /* Products */ = {
			isa = PBXGroup;
			children = (
				A238D4CD2EA7AB3A0008F8D9 /* SampleTube.app */,
				A238D4E32EA7AB3C0008F8D9 /* SampleTubeTests.xctest */,
				A238D4ED2EA7AB3C0008F8D9 /* SampleTubeUITests.xctest */,
			);
			name = Products;
			sourceTree = "<group>";
		};
		B0D2920151CDE70E23F93888 /* Frameworks */ = {
			isa = PBXGroup;
			children = (
				0BFA8BD995BEF7BCB2BB0F7C /* Pods_SampleTube.framework */,
				EB91A84C0705CA9D7D0D0509 /* Pods_SampleTubeTests.framework */,
				E774E497F2488A26EDD940FE /* Pods_SampleTubeUITests.framework */,
			);
			name = Frameworks;
			sourceTree = "<group>";
		};
		B53B28C744A53F088AEEE051 /* Pods */ = {
			isa = PBXGroup;
			children = (
				4657BA89E5C7A5F79E11100B /* Pods-SampleTube.debug.xcconfig */,
				BCBAD046C303A3B334C56E1C /* Pods-SampleTube.release.xcconfig */,
				82B19E99038D39BB99609972 /* Pods-SampleTubeTests.debug.xcconfig */,
				D7AC3644F8DDB563B6F23F2E /* Pods-SampleTubeTests.release.xcconfig */,
				B350C55C6D19C28459AEC7D5 /* Pods-SampleTubeUITests.debug.xcconfig */,
				07493EAFC1D6C0F9CF421343 /* Pods-SampleTubeUITests.release.xcconfig */,
			);
			path = Pods;
			sourceTree = "<group>";
		};
/* End PBXGroup section */

/* Begin PBXNativeTarget section */
		A238D4CC2EA7AB3A0008F8D9 /* SampleTube */ = {
			isa = PBXNativeTarget;
			buildConfigurationList = A238D4F62EA7AB3C0008F8D9 /* Build configuration list for PBXNativeTarget "SampleTube" */;
			buildPhases = (
				89F4DE173EC6FB22CFC1EF08 /* [CP] Check Pods Manifest.lock */,
				A238D4C92EA7AB3A0008F8D9 /* Sources */,
				A238D4CA2EA7AB3A0008F8D9 /* Frameworks */,
				A238D4CB2EA7AB3A0008F8D9 /* Resources */,
				189056451CFAAB965DFA6A6F /* [CP] Copy Pods Resources */,
			);
			buildRules = (
			);
			dependencies = (
			);
			fileSystemSynchronizedGroups = (
				A238D4CF2EA7AB3A0008F8D9 /* SampleTube */,
			);
			name = SampleTube;
			productName = SampleTube;
			productReference = A238D4CD2EA7AB3A0008F8D9 /* SampleTube.app */;
			productType = "com.apple.product-type.application";
		};
		A238D4E22EA7AB3C0008F8D9 /* SampleTubeTests */ = {
			isa = PBXNativeTarget;
			buildConfigurationList = A238D4FB2EA7AB3C0008F8D9 /* Build configuration list for PBXNativeTarget "SampleTubeTests" */;
			buildPhases = (
				0A66D168AC1DC5E2B9FC8EF6 /* [CP] Check Pods Manifest.lock */,
				A238D4DF2EA7AB3C0008F8D9 /* Sources */,
				A238D4E02EA7AB3C0008F8D9 /* Frameworks */,
				A238D4E12EA7AB3C0008F8D9 /* Resources */,
			);
			buildRules = (
			);
			dependencies = (
				A238D4E52EA7AB3C0008F8D9 /* PBXTargetDependency */,
			);
			fileSystemSynchronizedGroups = (
				A238D4E62EA7AB3C0008F8D9 /* SampleTubeTests */,
			);
			name = SampleTubeTests;
			productName = SampleTubeTests;
			productReference = A238D4E32EA7AB3C0008F8D9 /* SampleTubeTests.xctest */;
			productType = "com.apple.product-type.bundle.unit-test";
		};
		A238D4EC2EA7AB3C0008F8D9 /* SampleTubeUITests */ = {
			isa = PBXNativeTarget;
			buildConfigurationList = A238D4FE2EA7AB3C0008F8D9 /* Build configuration list for PBXNativeTarget "SampleTubeUITests" */;
			buildPhases = (
				3F233E47B7A60AADB25B7F6D /* [CP] Check Pods Manifest.lock */,
				A238D4E92EA7AB3C0008F8D9 /* Sources */,
				A238D4EA2EA7AB3C0008F8D9 /* Frameworks */,
				A238D4EB2EA7AB3C0008F8D9 /* Resources */,
			);
			buildRules = (
			);
			dependencies = (
				A238D4EF2EA7AB3C0008F8D9 /* PBXTargetDependency */,
			);
			fileSystemSynchronizedGroups = (
				A238D4F02EA7AB3C0008F8D9 /* SampleTubeUITests */,
			);
			name = SampleTubeUITests;
			productName = SampleTubeUITests;
			productReference = A238D4ED2EA7AB3C0008F8D9 /* SampleTubeUITests.xctest */;
			productType = "com.apple.product-type.bundle.ui-testing";
		};
/* End PBXNativeTarget section */

/* Begin PBXProject section */
		A238D4C52EA7AB3A0008F8D9 /* Project object */ = {
			isa = PBXProject;
			attributes = {
				BuildIndependentTargetsInParallel = 1;
				LastSwiftUpdateCheck = 2600;
				LastUpgradeCheck = 2600;
				TargetAttributes = {
					A238D4CC2EA7AB3A0008F8D9 = {
						CreatedOnToolsVersion = 26.0.1;
					};
					A238D4E22EA7AB3C0008F8D9 = {
						CreatedOnToolsVersion = 26.0.1;
						TestTargetID = A238D4CC2EA7AB3A0008F8D9;
					};
					A238D4EC2EA7AB3C0008F8D9 = {
						CreatedOnToolsVersion = 26.0.1;
						TestTargetID = A238D4CC2EA7AB3A0008F8D9;
					};
				};
			};
			buildConfigurationList = A238D4C82EA7AB3A0008F8D9 /* Build configuration list for PBXProject "SampleTube" */;
			developmentRegion = en;
			hasScannedForEncodings = 0;
			knownRegions = (
				en,
				Base,
			);
			mainGroup = A238D4C42EA7AB3A0008F8D9;
			minimizedProjectReferenceProxies = 1;
			preferredProjectObjectVersion = 77;
			productRefGroup = A238D4CE2EA7AB3A0008F8D9 /* Products */;
			projectDirPath = "";
			projectRoot = "";
			targets = (
				A238D4CC2EA7AB3A0008F8D9 /* SampleTube */,
				A238D4E22EA7AB3C0008F8D9 /* SampleTubeTests */,
				A238D4EC2EA7AB3C0008F8D9 /* SampleTubeUITests */,
			);
		};
/* End PBXProject section */

/* Begin PBXResourcesBuildPhase section */
		A238D4CB2EA7AB3A0008F8D9 /* Resources */ = {
			isa = PBXResourcesBuildPhase;
			buildActionMask = 2147483647;
			files = (
			);
			runOnlyForDeploymentPostprocessing = 0;
		};
		A238D4E12EA7AB3C0008F8D9 /* Resources */ = {
			isa = PBXResourcesBuildPhase;
			buildActionMask = 2147483647;
			files = (
			);
			runOnlyForDeploymentPostprocessing = 0;
		};
		A238D4EB2EA7AB3C0008F8D9 /* Resources */ = {
			isa = PBXResourcesBuildPhase;
			buildActionMask = 2147483647;
			files = (
			);
			runOnlyForDeploymentPostprocessing = 0;
		};
/* End PBXResourcesBuildPhase section */

/* Begin PBXShellScriptBuildPhase section */
		0A66D168AC1DC5E2B9FC8EF6 /* [CP] Check Pods Manifest.lock */ = {
			isa = PBXShellScriptBuildPhase;
			buildActionMask = 2147483647;
			files = (
			);
			inputFileListPaths = (
			);
			inputPaths = (
				"${PODS_PODFILE_DIR_PATH}/Podfile.lock",
				"${PODS_ROOT}/Manifest.lock",
			);
			name = "[CP] Check Pods Manifest.lock";
			outputFileListPaths = (
			);
			outputPaths = (
				"$(DERIVED_FILE_DIR)/Pods-SampleTubeTests-checkManifestLockResult.txt",
			);
			runOnlyForDeploymentPostprocessing = 0;
			shellPath = /bin/sh;
			shellScript = "diff \"${PODS_PODFILE_DIR_PATH}/Podfile.lock\" \"${PODS_ROOT}/Manifest.lock\" > /dev/null\nif [ $? != 0 ] ; then\n    # print error to STDERR\n    echo \"error: The sandbox is not in sync with the Podfile.lock. Run 'pod install' or update your CocoaPods installation.\" >&2\n    exit 1\nfi\n# This output is used by Xcode 'outputs' to avoid re-running this script phase.\necho \"SUCCESS\" > \"${SCRIPT_OUTPUT_FILE_0}\"\n";
			showEnvVarsInLog = 0;
		};
		189056451CFAAB965DFA6A6F /* [CP] Copy Pods Resources */ = {
			isa = PBXShellScriptBuildPhase;
			buildActionMask = 2147483647;
			files = (
			);
			inputFileListPaths = (
				"${PODS_ROOT}/Target Support Files/Pods-SampleTube/Pods-SampleTube-resources-${CONFIGURATION}-input-files.xcfilelist",
			);
			inputPaths = (
			);
			name = "[CP] Copy Pods Resources";
			outputFileListPaths = (
				"${PODS_ROOT}/Target Support Files/Pods-SampleTube/Pods-SampleTube-resources-${CONFIGURATION}-output-files.xcfilelist",
			);
			outputPaths = (
			);
			runOnlyForDeploymentPostprocessing = 0;
			shellPath = /bin/sh;
			shellScript = "\"${PODS_ROOT}/Target Support Files/Pods-SampleTube/Pods-SampleTube-resources.sh\"\n";
			showEnvVarsInLog = 0;
		};
		3F233E47B7A60AADB25B7F6D /* [CP] Check Pods Manifest.lock */ = {
			isa = PBXShellScriptBuildPhase;
			buildActionMask = 2147483647;
			files = (
			);
			inputFileListPaths = (
			);
			inputPaths = (
				"${PODS_PODFILE_DIR_PATH}/Podfile.lock",
				"${PODS_ROOT}/Manifest.lock",
			);
			name = "[CP] Check Pods Manifest.lock";
			outputFileListPaths = (
			);
			outputPaths = (
				"$(DERIVED_FILE_DIR)/Pods-SampleTubeUITests-checkManifestLockResult.txt",
			);
			runOnlyForDeploymentPostprocessing = 0;
			shellPath = /bin/sh;
			shellScript = "diff \"${PODS_PODFILE_DIR_PATH}/Podfile.lock\" \"${PODS_ROOT}/Manifest.lock\" > /dev/null\nif [ $? != 0 ] ; then\n    # print error to STDERR\n    echo \"error: The sandbox is not in sync with the Podfile.lock. Run 'pod install' or update your CocoaPods installation.\" >&2\n    exit 1\nfi\n# This output is used by Xcode 'outputs' to avoid re-running this script phase.\necho \"SUCCESS\" > \"${SCRIPT_OUTPUT_FILE_0}\"\n";
			showEnvVarsInLog = 0;
		};
		89F4DE173EC6FB22CFC1EF08 /* [CP] Check Pods Manifest.lock */ = {
			isa = PBXShellScriptBuildPhase;
			buildActionMask = 2147483647;
			files = (
			);
			inputFileListPaths = (
			);
			inputPaths = (
				"${PODS_PODFILE_DIR_PATH}/Podfile.lock",
				"${PODS_ROOT}/Manifest.lock",
			);
			name = "[CP] Check Pods Manifest.lock";
			outputFileListPaths = (
			);
			outputPaths = (
				"$(DERIVED_FILE_DIR)/Pods-SampleTube-checkManifestLockResult.txt",
			);
			runOnlyForDeploymentPostprocessing = 0;
			shellPath = /bin/sh;
			shellScript = "diff \"${PODS_PODFILE_DIR_PATH}/Podfile.lock\" \"${PODS_ROOT}/Manifest.lock\" > /dev/null\nif [ $? != 0 ] ; then\n    # print error to STDERR\n    echo \"error: The sandbox is not in sync with the Podfile.lock. Run 'pod install' or update your CocoaPods installation.\" >&2\n    exit 1\nfi\n# This output is used by Xcode 'outputs' to avoid re-running this script phase.\necho \"SUCCESS\" > \"${SCRIPT_OUTPUT_FILE_0}\"\n";
			showEnvVarsInLog = 0;
		};
/* End PBXShellScriptBuildPhase section */

/* Begin PBXSourcesBuildPhase section */
		A238D4C92EA7AB3A0008F8D9 /* Sources */ = {
			isa = PBXSourcesBuildPhase;
			buildActionMask = 2147483647;
			files = (
			);
			runOnlyForDeploymentPostprocessing = 0;
		};
		A238D4DF2EA7AB3C0008F8D9 /* Sources */ = {
			isa = PBXSourcesBuildPhase;
			buildActionMask = 2147483647;
			files = (
			);
			runOnlyForDeploymentPostprocessing = 0;
		};
		A238D4E92EA7AB3C0008F8D9 /* Sources */ = {
			isa = PBXSourcesBuildPhase;
			buildActionMask = 2147483647;
			files = (
			);
			runOnlyForDeploymentPostprocessing = 0;
		};
/* End PBXSourcesBuildPhase section */

/* Begin PBXTargetDependency section */
		A238D4E52EA7AB3C0008F8D9 /* PBXTargetDependency */ = {
			isa = PBXTargetDependency;
			target = A238D4CC2EA7AB3A0008F8D9 /* SampleTube */;
			targetProxy = A238D4E42EA7AB3C0008F8D9 /* PBXContainerItemProxy */;
		};
		A238D4EF2EA7AB3C0008F8D9 /* PBXTargetDependency */ = {
			isa = PBXTargetDependency;
			target = A238D4CC2EA7AB3A0008F8D9 /* SampleTube */;
			targetProxy = A238D4EE2EA7AB3C0008F8D9 /* PBXContainerItemProxy */;
		};
/* End PBXTargetDependency section */

/* Begin XCBuildConfiguration section */
		A238D4F72EA7AB3C0008F8D9 /* Debug */ = {
			isa = XCBuildConfiguration;
			baseConfigurationReference = 4657BA89E5C7A5F79E11100B /* Pods-SampleTube.debug.xcconfig */;
			buildSettings = {
				ASSETCATALOG_COMPILER_APPICON_NAME = AppIcon;
				ASSETCATALOG_COMPILER_GLOBAL_ACCENT_COLOR_NAME = AccentColor;
				CODE_SIGN_STYLE = Automatic;
				CURRENT_PROJECT_VERSION = 1;
				DEVELOPMENT_TEAM = PD7LBVFW82;
				ENABLE_USER_SCRIPT_SANDBOXING = NO;
				GENERATE_INFOPLIST_FILE = YES;
				INFOPLIST_FILE = SampleTube/Info.plist;
				INFOPLIST_KEY_UIApplicationSupportsIndirectInputEvents = YES;
				INFOPLIST_KEY_UILaunchStoryboardName = LaunchScreen;
				INFOPLIST_KEY_UIMainStoryboardFile = Main;
				INFOPLIST_KEY_UISupportedInterfaceOrientations_iPad = "UIInterfaceOrientationPortrait UIInterfaceOrientationPortraitUpsideDown UIInterfaceOrientationLandscapeLeft UIInterfaceOrientationLandscapeRight";
				INFOPLIST_KEY_UISupportedInterfaceOrientations_iPhone = "UIInterfaceOrientationPortrait UIInterfaceOrientationLandscapeLeft UIInterfaceOrientationLandscapeRight";
				LD_RUNPATH_SEARCH_PATHS = (
					"$(inherited)",
					"@executable_path/Frameworks",
				);
				MARKETING_VERSION = 1.0;
				PRODUCT_BUNDLE_IDENTIFIER = com.sepehrkeyhani.SampleTube;
				PRODUCT_NAME = "$(TARGET_NAME)";
				STRING_CATALOG_GENERATE_SYMBOLS = YES;
				SWIFT_APPROACHABLE_CONCURRENCY = YES;
				SWIFT_DEFAULT_ACTOR_ISOLATION = MainActor;
				SWIFT_EMIT_LOC_STRINGS = YES;
				SWIFT_UPCOMING_FEATURE_MEMBER_IMPORT_VISIBILITY = YES;
				SWIFT_VERSION = 5.0;
				TARGETED_DEVICE_FAMILY = "1,2";
			};
			name = Debug;
		};
		A238D4F82EA7AB3C0008F8D9 /* Release */ = {
			isa = XCBuildConfiguration;
			baseConfigurationReference = BCBAD046C303A3B334C56E1C /* Pods-SampleTube.release.xcconfig */;
			buildSettings = {
				ASSETCATALOG_COMPILER_APPICON_NAME = AppIcon;
				ASSETCATALOG_COMPILER_GLOBAL_ACCENT_COLOR_NAME = AccentColor;
				CODE_SIGN_STYLE = Automatic;
				CURRENT_PROJECT_VERSION = 1;
				DEVELOPMENT_TEAM = PD7LBVFW82;
				ENABLE_USER_SCRIPT_SANDBOXING = NO;
				GENERATE_INFOPLIST_FILE = YES;
				INFOPLIST_FILE = SampleTube/Info.plist;
				INFOPLIST_KEY_UIApplicationSupportsIndirectInputEvents = YES;
				INFOPLIST_KEY_UILaunchStoryboardName = LaunchScreen;
				INFOPLIST_KEY_UIMainStoryboardFile = Main;
				INFOPLIST_KEY_UISupportedInterfaceOrientations_iPad = "UIInterfaceOrientationPortrait UIInterfaceOrientationPortraitUpsideDown UIInterfaceOrientationLandscapeLeft UIInterfaceOrientationLandscapeRight";
				INFOPLIST_KEY_UISupportedInterfaceOrientations_iPhone = "UIInterfaceOrientationPortrait UIInterfaceOrientationLandscapeLeft UIInterfaceOrientationLandscapeRight";
				LD_RUNPATH_SEARCH_PATHS = (
					"$(inherited)",
					"@executable_path/Frameworks",
				);
				MARKETING_VERSION = 1.0;
				PRODUCT_BUNDLE_IDENTIFIER = com.sepehrkeyhani.SampleTube;
				PRODUCT_NAME = "$(TARGET_NAME)";
				STRING_CATALOG_GENERATE_SYMBOLS = YES;
				SWIFT_APPROACHABLE_CONCURRENCY = YES;
				SWIFT_DEFAULT_ACTOR_ISOLATION = MainActor;
				SWIFT_EMIT_LOC_STRINGS = YES;
				SWIFT_UPCOMING_FEATURE_MEMBER_IMPORT_VISIBILITY = YES;
				SWIFT_VERSION = 5.0;
				TARGETED_DEVICE_FAMILY = "1,2";
			};
			name = Release;
		};
		A238D4F92EA7AB3C0008F8D9 /* Debug */ = {
			isa = XCBuildConfiguration;
			buildSettings = {
				ALWAYS_SEARCH_USER_PATHS = NO;
				ASSETCATALOG_COMPILER_GENERATE_SWIFT_ASSET_SYMBOL_EXTENSIONS = YES;
				CLANG_ANALYZER_NONNULL = YES;
				CLANG_ANALYZER_NUMBER_OBJECT_CONVERSION = YES_AGGRESSIVE;
				CLANG_CXX_LANGUAGE_STANDARD = "gnu++20";
				CLANG_ENABLE_MODULES = YES;
				CLANG_ENABLE_OBJC_ARC = YES;
				CLANG_ENABLE_OBJC_WEAK = YES;
				CLANG_WARN_BLOCK_CAPTURE_AUTORELEASING = YES;
				CLANG_WARN_BOOL_CONVERSION = YES;
				CLANG_WARN_COMMA = YES;
				CLANG_WARN_CONSTANT_CONVERSION = YES;
				CLANG_WARN_DEPRECATED_OBJC_IMPLEMENTATIONS = YES;
				CLANG_WARN_DIRECT_OBJC_ISA_USAGE = YES_ERROR;
				CLANG_WARN_DOCUMENTATION_COMMENTS = YES;
				CLANG_WARN_EMPTY_BODY = YES;
				CLANG_WARN_ENUM_CONVERSION = YES;
				CLANG_WARN_INFINITE_RECURSION = YES;
				CLANG_WARN_INT_CONVERSION = YES;
				CLANG_WARN_NON_LITERAL_NULL_CONVERSION = YES;
				CLANG_WARN_OBJC_IMPLICIT_RETAIN_SELF = YES;
				CLANG_WARN_OBJC_LITERAL_CONVERSION = YES;
				CLANG_WARN_OBJC_ROOT_CLASS = YES_ERROR;
				CLANG_WARN_QUOTED_INCLUDE_IN_FRAMEWORK_HEADER = YES;
				CLANG_WARN_RANGE_LOOP_ANALYSIS = YES;
				CLANG_WARN_STRICT_PROTOTYPES = YES;
				CLANG_WARN_SUSPICIOUS_MOVE = YES;
				CLANG_WARN_UNGUARDED_AVAILABILITY = YES_AGGRESSIVE;
				CLANG_WARN_UNREACHABLE_CODE = YES;
				CLANG_WARN__DUPLICATE_METHOD_MATCH = YES;
				COPY_PHASE_STRIP = NO;
				DEBUG_INFORMATION_FORMAT = dwarf;
				DEVELOPMENT_TEAM = PD7LBVFW82;
				ENABLE_STRICT_OBJC_MSGSEND = YES;
				ENABLE_TESTABILITY = YES;
				ENABLE_USER_SCRIPT_SANDBOXING = YES;
				GCC_C_LANGUAGE_STANDARD = gnu17;
				GCC_DYNAMIC_NO_PIC = NO;
				GCC_NO_COMMON_BLOCKS = YES;
				GCC_OPTIMIZATION_LEVEL = 0;
				GCC_PREPROCESSOR_DEFINITIONS = (
					"DEBUG=1",
					"$(inherited)",
				);
				GCC_WARN_64_TO_32_BIT_CONVERSION = YES;
				GCC_WARN_ABOUT_RETURN_TYPE = YES_ERROR;
				GCC_WARN_UNDECLARED_SELECTOR = YES;
				GCC_WARN_UNINITIALIZED_AUTOS = YES_AGGRESSIVE;
				GCC_WARN_UNUSED_FUNCTION = YES;
				GCC_WARN_UNUSED_VARIABLE = YES;
				IPHONEOS_DEPLOYMENT_TARGET = 26.0;
				LOCALIZATION_PREFERS_STRING_CATALOGS = YES;
				MTL_ENABLE_DEBUG_INFO = INCLUDE_SOURCE;
				MTL_FAST_MATH = YES;
				ONLY_ACTIVE_ARCH = YES;
				SDKROOT = iphoneos;
				SWIFT_ACTIVE_COMPILATION_CONDITIONS = "DEBUG $(inherited)";
				SWIFT_OPTIMIZATION_LEVEL = "-Onone";
			};
			name = Debug;
		};
		A238D4FA2EA7AB3C0008F8D9 /* Release */ = {
			isa = XCBuildConfiguration;
			buildSettings = {
				ALWAYS_SEARCH_USER_PATHS = NO;
				ASSETCATALOG_COMPILER_GENERATE_SWIFT_ASSET_SYMBOL_EXTENSIONS = YES;
				CLANG_ANALYZER_NONNULL = YES;
				CLANG_ANALYZER_NUMBER_OBJECT_CONVERSION = YES_AGGRESSIVE;
				CLANG_CXX_LANGUAGE_STANDARD = "gnu++20";
				CLANG_ENABLE_MODULES = YES;
				CLANG_ENABLE_OBJC_ARC = YES;
				CLANG_ENABLE_OBJC_WEAK = YES;
				CLANG_WARN_BLOCK_CAPTURE_AUTORELEASING = YES;
				CLANG_WARN_BOOL_CONVERSION = YES;
				CLANG_WARN_COMMA = YES;
				CLANG_WARN_CONSTANT_CONVERSION = YES;
				CLANG_WARN_DEPRECATED_OBJC_IMPLEMENTATIONS = YES;
				CLANG_WARN_DIRECT_OBJC_ISA_USAGE = YES_ERROR;
				CLANG_WARN_DOCUMENTATION_COMMENTS = YES;
				CLANG_WARN_EMPTY_BODY = YES;
				CLANG_WARN_ENUM_CONVERSION = YES;
				CLANG_WARN_INFINITE_RECURSION = YES;
				CLANG_WARN_INT_CONVERSION = YES;
				CLANG_WARN_NON_LITERAL_NULL_CONVERSION = YES;
				CLANG_WARN_OBJC_IMPLICIT_RETAIN_SELF = YES;
				CLANG_WARN_OBJC_LITERAL_CONVERSION = YES;
				CLANG_WARN_OBJC_ROOT_CLASS = YES_ERROR;
				CLANG_WARN_QUOTED_INCLUDE_IN_FRAMEWORK_HEADER = YES;
				CLANG_WARN_RANGE_LOOP_ANALYSIS = YES;
				CLANG_WARN_STRICT_PROTOTYPES = YES;
				CLANG_WARN_SUSPICIOUS_MOVE = YES;
				CLANG_WARN_UNGUARDED_AVAILABILITY = YES_AGGRESSIVE;
				CLANG_WARN_UNREACHABLE_CODE = YES;
				CLANG_WARN__DUPLICATE_METHOD_MATCH = YES;
				COPY_PHASE_STRIP = NO;
				DEBUG_INFORMATION_FORMAT = "dwarf-with-dsym";
				DEVELOPMENT_TEAM = PD7LBVFW82;
				ENABLE_NS_ASSERTIONS = NO;
				ENABLE_STRICT_OBJC_MSGSEND = YES;
				ENABLE_USER_SCRIPT_SANDBOXING = YES;
				GCC_C_LANGUAGE_STANDARD = gnu17;
				GCC_NO_COMMON_BLOCKS = YES;
				GCC_WARN_64_TO_32_BIT_CONVERSION = YES;
				GCC_WARN_ABOUT_RETURN_TYPE = YES_ERROR;
				GCC_WARN_UNDECLARED_SELECTOR = YES;
				GCC_WARN_UNINITIALIZED_AUTOS = YES_AGGRESSIVE;
				GCC_WARN_UNUSED_FUNCTION = YES;
				GCC_WARN_UNUSED_VARIABLE = YES;
				IPHONEOS_DEPLOYMENT_TARGET = 26.0;
				LOCALIZATION_PREFERS_STRING_CATALOGS = YES;
				MTL_ENABLE_DEBUG_INFO = NO;
				MTL_FAST_MATH = YES;
				SDKROOT = iphoneos;
				SWIFT_COMPILATION_MODE = wholemodule;
				VALIDATE_PRODUCT = YES;
			};
			name = Release;
		};
		A238D4FC2EA7AB3C0008F8D9 /* Debug */ = {
			isa = XCBuildConfiguration;
			baseConfigurationReference = 82B19E99038D39BB99609972 /* Pods-SampleTubeTests.debug.xcconfig */;
			buildSettings = {
				BUNDLE_LOADER = "$(TEST_HOST)";
				CODE_SIGN_STYLE = Automatic;
				CURRENT_PROJECT_VERSION = 1;
				DEVELOPMENT_TEAM = PD7LBVFW82;
				ENABLE_USER_SCRIPT_SANDBOXING = NO;
				GENERATE_INFOPLIST_FILE = YES;
				IPHONEOS_DEPLOYMENT_TARGET = 26.0;
				MARKETING_VERSION = 1.0;
				PRODUCT_BUNDLE_IDENTIFIER = com.sepehrkeyhani.SampleTubeTests;
				PRODUCT_NAME = "$(TARGET_NAME)";
				STRING_CATALOG_GENERATE_SYMBOLS = NO;
				SWIFT_APPROACHABLE_CONCURRENCY = YES;
				SWIFT_EMIT_LOC_STRINGS = NO;
				SWIFT_UPCOMING_FEATURE_MEMBER_IMPORT_VISIBILITY = YES;
				SWIFT_VERSION = 5.0;
				TARGETED_DEVICE_FAMILY = "1,2";
				TEST_HOST = "$(BUILT_PRODUCTS_DIR)/SampleTube.app/$(BUNDLE_EXECUTABLE_FOLDER_PATH)/SampleTube";
			};
			name = Debug;
		};
		A238D4FD2EA7AB3C0008F8D9 /* Release */ = {
			isa = XCBuildConfiguration;
			baseConfigurationReference = D7AC3644F8DDB563B6F23F2E /* Pods-SampleTubeTests.release.xcconfig */;
			buildSettings = {
				BUNDLE_LOADER = "$(TEST_HOST)";
				CODE_SIGN_STYLE = Automatic;
				CURRENT_PROJECT_VERSION = 1;
				DEVELOPMENT_TEAM = PD7LBVFW82;
				ENABLE_USER_SCRIPT_SANDBOXING = NO;
				GENERATE_INFOPLIST_FILE = YES;
				IPHONEOS_DEPLOYMENT_TARGET = 26.0;
				MARKETING_VERSION = 1.0;
				PRODUCT_BUNDLE_IDENTIFIER = com.sepehrkeyhani.SampleTubeTests;
				PRODUCT_NAME = "$(TARGET_NAME)";
				STRING_CATALOG_GENERATE_SYMBOLS = NO;
				SWIFT_APPROACHABLE_CONCURRENCY = YES;
				SWIFT_EMIT_LOC_STRINGS = NO;
				SWIFT_UPCOMING_FEATURE_MEMBER_IMPORT_VISIBILITY = YES;
				SWIFT_VERSION = 5.0;
				TARGETED_DEVICE_FAMILY = "1,2";
				TEST_HOST = "$(BUILT_PRODUCTS_DIR)/SampleTube.app/$(BUNDLE_EXECUTABLE_FOLDER_PATH)/SampleTube";
			};
			name = Release;
		};
		A238D4FF2EA7AB3C0008F8D9 /* Debug */ = {
			isa = XCBuildConfiguration;
			baseConfigurationReference = B350C55C6D19C28459AEC7D5 /* Pods-SampleTubeUITests.debug.xcconfig */;
			buildSettings = {
				CODE_SIGN_STYLE = Automatic;
				CURRENT_PROJECT_VERSION = 1;
				DEVELOPMENT_TEAM = PD7LBVFW82;
				ENABLE_USER_SCRIPT_SANDBOXING = NO;
				GENERATE_INFOPLIST_FILE = YES;
				MARKETING_VERSION = 1.0;
				PRODUCT_BUNDLE_IDENTIFIER = com.sepehrkeyhani.SampleTubeUITests;
				PRODUCT_NAME = "$(TARGET_NAME)";
				STRING_CATALOG_GENERATE_SYMBOLS = NO;
				SWIFT_APPROACHABLE_CONCURRENCY = YES;
				SWIFT_EMIT_LOC_STRINGS = NO;
				SWIFT_UPCOMING_FEATURE_MEMBER_IMPORT_VISIBILITY = YES;
				SWIFT_VERSION = 5.0;
				TARGETED_DEVICE_FAMILY = "1,2";
				TEST_TARGET_NAME = SampleTube;
			};
			name = Debug;
		};
		A238D5002EA7AB3C0008F8D9 /* Release */ = {
			isa = XCBuildConfiguration;
			baseConfigurationReference = 07493EAFC1D6C0F9CF421343 /* Pods-SampleTubeUITests.release.xcconfig */;
			buildSettings = {
				CODE_SIGN_STYLE = Automatic;
				CURRENT_PROJECT_VERSION = 1;
				DEVELOPMENT_TEAM = PD7LBVFW82;
				ENABLE_USER_SCRIPT_SANDBOXING = NO;
				GENERATE_INFOPLIST_FILE = YES;
				MARKETING_VERSION = 1.0;
				PRODUCT_BUNDLE_IDENTIFIER = com.sepehrkeyhani.SampleTubeUITests;
				PRODUCT_NAME = "$(TARGET_NAME)";
				STRING_CATALOG_GENERATE_SYMBOLS = NO;
				SWIFT_APPROACHABLE_CONCURRENCY = YES;
				SWIFT_EMIT_LOC_STRINGS = NO;
				SWIFT_UPCOMING_FEATURE_MEMBER_IMPORT_VISIBILITY = YES;
				SWIFT_VERSION = 5.0;
				TARGETED_DEVICE_FAMILY = "1,2";
				TEST_TARGET_NAME = SampleTube;
			};
			name = Release;
		};
/* End XCBuildConfiguration section */

/* Begin XCConfigurationList section */
		A238D4C82EA7AB3A0008F8D9 /* Build configuration list for PBXProject "SampleTube" */ = {
			isa = XCConfigurationList;
			buildConfigurations = (
				A238D4F92EA7AB3C0008F8D9 /* Debug */,
				A238D4FA2EA7AB3C0008F8D9 /* Release */,
			);
			defaultConfigurationIsVisible = 0;
			defaultConfigurationName = Release;
		};
		A238D4F62EA7AB3C0008F8D9 /* Build configuration list for PBXNativeTarget "SampleTube" */ = {
			isa = XCConfigurationList;
			buildConfigurations = (
				A238D4F72EA7AB3C0008F8D9 /* Debug */,
				A238D4F82EA7AB3C0008F8D9 /* Release */,
			);
			defaultConfigurationIsVisible = 0;
			defaultConfigurationName = Release;
		};
		A238D4FB2EA7AB3C0008F8D9 /* Build configuration list for PBXNativeTarget "SampleTubeTests" */ = {
			isa = XCConfigurationList;
			buildConfigurations = (
				A238D4FC2EA7AB3C0008F8D9 /* Debug */,
				A238D4FD2EA7AB3C0008F8D9 /* Release */,
			);
			defaultConfigurationIsVisible = 0;
			defaultConfigurationName = Release;
		};
		A238D4FE2EA7AB3C0008F8D9 /* Build configuration list for PBXNativeTarget "SampleTubeUITests" */ = {
			isa = XCConfigurationList;
			buildConfigurations = (
				A238D4FF2EA7AB3C0008F8D9 /* Debug */,
				A238D5002EA7AB3C0008F8D9 /* Release */,
			);
			defaultConfigurationIsVisible = 0;
			defaultConfigurationName = Release;
		};
/* End XCConfigurationList section */
	};
	rootObject = A238D4C52EA7AB3A0008F8D9 /* Project object */;
}
